
Microsoft Visual Studio Solution File, Format Version 12.00
# Visual Studio Version 17
VisualStudioVersion = 17.9.34728.123
MinimumVisualStudioVersion = 10.0.40219.1
Project("{FAE04EC0-301F-11D3-BF4B-00C04F79EFBC}") = "BatchUnluac", "BatchUnluac.csproj", "{2FAC65B3-4DF4-4092-8093-26BBBF1119D2}"
EndProject
Global
	GlobalSection(SolutionConfigurationPlatforms) = preSolution
		Debug|Any CPU = Debug|Any CPU
		Release|Any CPU = Release|Any CPU
	EndGlobalSection
	GlobalSection(ProjectConfigurationPlatforms) = postSolution
		{2FAC65B3-4DF4-4092-8093-26BBBF1119D2}.Debug|Any CPU.ActiveCfg = Debug|Any CPU
		{2FAC65B3-4DF4-4092-8093-26BBBF1119D2}.Debug|Any CPU.Build.0 = Debug|Any CPU
		{2FAC65B3-4DF4-4092-8093-26BBBF1119D2}.Release|Any CPU.ActiveCfg = Release|Any CPU
		{2FAC65B3-4DF4-4092-8093-26BBBF1119D2}.Release|Any CPU.Build.0 = Release|Any CPU
	EndGlobalSection
	GlobalSection(SolutionProperties) = preSolution
		HideSolutionNode = FALSE
	EndGlobalSection
	GlobalSection(ExtensibilityGlobals) = postSolution
		SolutionGuid = {E6C5B8A4-622C-4372-8220-3704C9DB2366}
	EndGlobalSection
EndGlobal
